
Microsoft Visual Studio Solution File, Format Version 12.00
# Visual Studio Version 16
VisualStudioVersion = 16.0.29728.190
MinimumVisualStudioVersion = 10.0.40219.1
Project("{FAE04EC0-301F-11D3-BF4B-00C04F79EFBC}") = "exegesis-docs-website", "exegesis-docs-website\exegesis-docs-website.csproj", "{87D0BB6E-0E1D-4B8A-BEAD-EFE9F1300F85}"
EndProject
Global
	GlobalSection(SolutionConfigurationPlatforms) = preSolution
		Debug|Any CPU = Debug|Any CPU
		Release|Any CPU = Release|Any CPU
	EndGlobalSection
	GlobalSection(ProjectConfigurationPlatforms) = postSolution
		{87D0BB6E-0E1D-4B8A-BEAD-EFE9F1300F85}.Debug|Any CPU.ActiveCfg = Debug|Any CPU
		{87D0BB6E-0E1D-4B8A-BEAD-EFE9F1300F85}.Debug|Any CPU.Build.0 = Debug|Any CPU
		{87D0BB6E-0E1D-4B8A-BEAD-EFE9F1300F85}.Release|Any CPU.ActiveCfg = Release|Any CPU
		{87D0BB6E-0E1D-4B8A-BEAD-EFE9F1300F85}.Release|Any CPU.Build.0 = Release|Any CPU
	EndGlobalSection
	GlobalSection(SolutionProperties) = preSolution
		HideSolutionNode = FALSE
	EndGlobalSection
	GlobalSection(ExtensibilityGlobals) = postSolution
		SolutionGuid = {928F6965-72AE-4FFB-83E9-4808170D3574}
	EndGlobalSection
EndGlobal
